
Microsoft Visual Studio Solution File, Format Version 12.00
# Visual Studio Version 17
VisualStudioVersion = 17.2.32616.157
MinimumVisualStudioVersion = 10.0.40219.1
Project("{FAE04EC0-301F-11D3-BF4B-00C04F79EFBC}") = "Uploader", "Romload\Uploader.csproj", "{F67363F5-BA4A-4EB7-9BFF-50B9E6D1B18E}"
EndProject
Project("{FAE04EC0-301F-11D3-BF4B-00C04F79EFBC}") = "Test", "Test\Test.csproj", "{9AF13DAA-5F61-4539-98BE-AC8A7E5795DB}"
EndProject
Global
	GlobalSection(SolutionConfigurationPlatforms) = preSolution
		Debug|Any CPU = Debug|Any CPU
		Release|Any CPU = Release|Any CPU
	EndGlobalSection
	GlobalSection(ProjectConfigurationPlatforms) = postSolution
		{F67363F5-BA4A-4EB7-9BFF-50B9E6D1B18E}.Debug|Any CPU.ActiveCfg = Debug|Any CPU
		{F67363F5-BA4A-4EB7-9BFF-50B9E6D1B18E}.Debug|Any CPU.Build.0 = Debug|Any CPU
		{F67363F5-BA4A-4EB7-9BFF-50B9E6D1B18E}.Release|Any CPU.ActiveCfg = Release|Any CPU
		{F67363F5-BA4A-4EB7-9BFF-50B9E6D1B18E}.Release|Any CPU.Build.0 = Release|Any CPU
		{9AF13DAA-5F61-4539-98BE-AC8A7E5795DB}.Debug|Any CPU.ActiveCfg = Debug|Any CPU
		{9AF13DAA-5F61-4539-98BE-AC8A7E5795DB}.Debug|Any CPU.Build.0 = Debug|Any CPU
		{9AF13DAA-5F61-4539-98BE-AC8A7E5795DB}.Release|Any CPU.ActiveCfg = Release|Any CPU
		{9AF13DAA-5F61-4539-98BE-AC8A7E5795DB}.Release|Any CPU.Build.0 = Release|Any CPU
	EndGlobalSection
	GlobalSection(SolutionProperties) = preSolution
		HideSolutionNode = FALSE
	EndGlobalSection
	GlobalSection(ExtensibilityGlobals) = postSolution
		SolutionGuid = {835A54BE-2073-4D19-A1F2-F66FC99E9BD5}
	EndGlobalSection
EndGlobal
